// !$*UTF8*$!
{
	archiveVersion = 1;
	classes = {
	};
	objectVersion = 77;
	objects = {

/* Begin PBXBuildFile section */
		076695C2E31B96E2C511CD68 /* SwiftTerm in Frameworks */ = {isa = PBXBuildFile; productRef = 068A061ABBD656996B674D82 /* SwiftTerm */; };
		0F89014F48A47FBA641177C6 /* ServerModelTests.swift in Sources */ = {isa = PBXBuildFile; fileRef = B2DF4C2856D88394B594133C /* ServerModelTests.swift */; };
		2302287519D2121C10555F48 /* ConnectionViewModel.swift in Sources */ = {isa = PBXBuildFile; fileRef = 935710390BD542E213897400 /* ConnectionViewModel.swift */; };
		26B826D28D58615A4D882013 /* SessionProtocol.swift in Sources */ = {isa = PBXBuildFile; fileRef = DE1DC7C7A978ED3F3F629164 /* SessionProtocol.swift */; };
		2A1A92E8FA84A48C2699FBD7 /* CryptoSwift in Frameworks */ = {isa = PBXBuildFile; productRef = 23601A7F4BFE209BC6330B3D /* CryptoSwift */; };
		3ADE4D5AB0F163B3CF8730A4 /* ConnectView.swift in Sources */ = {isa = PBXBuildFile; fileRef = F89DF94786BEA2C04C961E48 /* ConnectView.swift */; };
		42EC5C294A912C3284C5864E /* KeyGeneratorView.swift in Sources */ = {isa = PBXBuildFile; fileRef = 9917D156528C1F234C6AE282 /* KeyGeneratorView.swift */; };
		4870A95EBDA37102D6FCE1DD /* MoshUDPConnection.swift in Sources */ = {isa = PBXBuildFile; fileRef = 308F44F8EECB3F7443B190ED /* MoshUDPConnection.swift */; };
		539569A7ADAF63A743137D9A /* SSHKeyServiceTests.swift in Sources */ = {isa = PBXBuildFile; fileRef = 5EDBF8AB95AD1BD0632E9DC5 /* SSHKeyServiceTests.swift */; };
		557852416FD2A54EFC66DE88 /* ServerListView.swift in Sources */ = {isa = PBXBuildFile; fileRef = F70A34682A15DD67521724FD /* ServerListView.swift */; };
		5CF07FF1FE024A5759336ECC /* HoshiApp.swift in Sources */ = {isa = PBXBuildFile; fileRef = 2D2E28A5EA11F0126B55C42C /* HoshiApp.swift */; };
		65F0E59F2EFC44654BF5B1D6 /* MoshTransport.swift in Sources */ = {isa = PBXBuildFile; fileRef = 414AB1CB023F8485D188ED5A /* MoshTransport.swift */; };
		6673BE4456E9276448591DD4 /* MoshSession.swift in Sources */ = {isa = PBXBuildFile; fileRef = D2A47D4DB71EA9D072DD91AE /* MoshSession.swift */; };
		684F293C0A36B5C949433B39 /* AddServerView.swift in Sources */ = {isa = PBXBuildFile; fileRef = AE48E5AF93A14D87CB077564 /* AddServerView.swift */; };
		6877532658972A191D5982CB /* ToolbarConfigurationService.swift in Sources */ = {isa = PBXBuildFile; fileRef = DEEF1DFBFD9A93E3AFE91086 /* ToolbarConfigurationService.swift */; };
		6C4011DD0427000483B9DC76 /* MoshCrypto.swift in Sources */ = {isa = PBXBuildFile; fileRef = 6B6C0D92DFAE29A99A64E6AF /* MoshCrypto.swift */; };
		71C6EE46A566E725287FA4AA /* TmuxSessionPickerView.swift in Sources */ = {isa = PBXBuildFile; fileRef = DCE7EC1DDE1A89967CD4B68A /* TmuxSessionPickerView.swift */; };
		961B9C2272D0AB6E9B8C66C8 /* KeyboardToolbarView.swift in Sources */ = {isa = PBXBuildFile; fileRef = 3BE99C6A440F89020EFE0E55 /* KeyboardToolbarView.swift */; };
		9E6DC72DB95786D85B40FA19 /* Server.swift in Sources */ = {isa = PBXBuildFile; fileRef = 83584445F7F64462E791CA50 /* Server.swift */; };
		A08BCE350D681A0F24BF8B26 /* TerminalTheme.swift in Sources */ = {isa = PBXBuildFile; fileRef = C69A192CB8090D193F9BAE37 /* TerminalTheme.swift */; };
		AA960FEEACDD73F7D7DC36F3 /* MoshBootstrapService.swift in Sources */ = {isa = PBXBuildFile; fileRef = E2B9B11940723B9C53B4410C /* MoshBootstrapService.swift */; };
		AF9EE0A1C454D8C738E075E4 /* ToolbarButton.swift in Sources */ = {isa = PBXBuildFile; fileRef = 74C7E92165EDFEF3678813D9 /* ToolbarButton.swift */; };
		B3E276B09DC8AC366CB189E2 /* Citadel in Frameworks */ = {isa = PBXBuildFile; productRef = B06240B1AC6C6DB7CD56CF5B /* Citadel */; };
		CCBCF05E0F1E5A88BB203916 /* KeychainService.swift in Sources */ = {isa = PBXBuildFile; fileRef = 1913DF729009DA8DC0A599B5 /* KeychainService.swift */; };
		D22DB61E421382204913A526 /* TerminalView.swift in Sources */ = {isa = PBXBuildFile; fileRef = C5B1099C69E83AC319C5CAA1 /* TerminalView.swift */; };
		D30A82B7CDD3B69DD4FF6FE8 /* SSHService.swift in Sources */ = {isa = PBXBuildFile; fileRef = B73D4FAFF8219BC7CB25BA12 /* SSHService.swift */; };
		D40D2600718331C91545FA29 /* NetworkMonitorService.swift in Sources */ = {isa = PBXBuildFile; fileRef = 319B6445E2EFF983D29F19B4 /* NetworkMonitorService.swift */; };
		DAF481F02039E5DCF7BAFD08 /* SSHConnectionError.swift in Sources */ = {isa = PBXBuildFile; fileRef = 7E7B7A33C6D07387D9708017 /* SSHConnectionError.swift */; };
		E293E5B88435EF600774A8DA /* KeychainServiceTests.swift in Sources */ = {isa = PBXBuildFile; fileRef = C196748322C5769248D1E351 /* KeychainServiceTests.swift */; };
		E6435FDC851D363CAD5BB75D /* ToolbarEditView.swift in Sources */ = {isa = PBXBuildFile; fileRef = 31A14278942E4B7AEFB3F1EB /* ToolbarEditView.swift */; };
			FA6D6D0F0BE1C90760857339 /* SSHKeyService.swift in Sources */ = {isa = PBXBuildFile; fileRef = 98A8C6B94D769B9D7B243F28 /* SSHKeyService.swift */; };
			FE7F8E8100652F86991C5D88 /* TmuxDetectionService.swift in Sources */ = {isa = PBXBuildFile; fileRef = 08326AEDEEBE494F5026A5FD /* TmuxDetectionService.swift */; };
			A1B2C3D40100000000000011 /* FantasqueSansMNerdFontMono-Regular.ttf in Resources */ = {isa = PBXBuildFile; fileRef = A1B2C3D40100000000000001 /* FantasqueSansMNerdFontMono-Regular.ttf */; };
			A1B2C3D40100000000000012 /* FantasqueSansMNerdFontMono-Italic.ttf in Resources */ = {isa = PBXBuildFile; fileRef = A1B2C3D40100000000000002 /* FantasqueSansMNerdFontMono-Italic.ttf */; };
			A1B2C3D40100000000000013 /* FantasqueSansMNerdFontMono-Bold.ttf in Resources */ = {isa = PBXBuildFile; fileRef = A1B2C3D40100000000000003 /* FantasqueSansMNerdFontMono-Bold.ttf */; };
			A1B2C3D40100000000000014 /* FantasqueSansMNerdFontMono-BoldItalic.ttf in Resources */ = {isa = PBXBuildFile; fileRef = A1B2C3D40100000000000004 /* FantasqueSansMNerdFontMono-BoldItalic.ttf */; };
/* End PBXBuildFile section */

/* Begin PBXContainerItemProxy section */
		D95E8CDC7F19E4CBCE8FA48F /* PBXContainerItemProxy */ = {
			isa = PBXContainerItemProxy;
			containerPortal = 61B2197030A8FC41E014E56F /* Project object */;
			proxyType = 1;
			remoteGlobalIDString = 8F89AE95154D6DFC704E78C1;
			remoteInfo = Hoshi;
		};
/* End PBXContainerItemProxy section */

/* Begin PBXFileReference section */
		08326AEDEEBE494F5026A5FD /* TmuxDetectionService.swift */ = {isa = PBXFileReference; lastKnownFileType = sourcecode.swift; path = TmuxDetectionService.swift; sourceTree = "<group>"; };
		1913DF729009DA8DC0A599B5 /* KeychainService.swift */ = {isa = PBXFileReference; lastKnownFileType = sourcecode.swift; path = KeychainService.swift; sourceTree = "<group>"; };
		2D2E28A5EA11F0126B55C42C /* HoshiApp.swift */ = {isa = PBXFileReference; lastKnownFileType = sourcecode.swift; path = HoshiApp.swift; sourceTree = "<group>"; };
		308F44F8EECB3F7443B190ED /* MoshUDPConnection.swift */ = {isa = PBXFileReference; lastKnownFileType = sourcecode.swift; path = MoshUDPConnection.swift; sourceTree = "<group>"; };
		319B6445E2EFF983D29F19B4 /* NetworkMonitorService.swift */ = {isa = PBXFileReference; lastKnownFileType = sourcecode.swift; path = NetworkMonitorService.swift; sourceTree = "<group>"; };
		31A14278942E4B7AEFB3F1EB /* ToolbarEditView.swift */ = {isa = PBXFileReference; lastKnownFileType = sourcecode.swift; path = ToolbarEditView.swift; sourceTree = "<group>"; };
		3BE99C6A440F89020EFE0E55 /* KeyboardToolbarView.swift */ = {isa = PBXFileReference; lastKnownFileType = sourcecode.swift; path = KeyboardToolbarView.swift; sourceTree = "<group>"; };
		414AB1CB023F8485D188ED5A /* MoshTransport.swift */ = {isa = PBXFileReference; lastKnownFileType = sourcecode.swift; path = MoshTransport.swift; sourceTree = "<group>"; };
		5EDBF8AB95AD1BD0632E9DC5 /* SSHKeyServiceTests.swift */ = {isa = PBXFileReference; lastKnownFileType = sourcecode.swift; path = SSHKeyServiceTests.swift; sourceTree = "<group>"; };
		6B6C0D92DFAE29A99A64E6AF /* MoshCrypto.swift */ = {isa = PBXFileReference; lastKnownFileType = sourcecode.swift; path = MoshCrypto.swift; sourceTree = "<group>"; };
		74C7E92165EDFEF3678813D9 /* ToolbarButton.swift */ = {isa = PBXFileReference; lastKnownFileType = sourcecode.swift; path = ToolbarButton.swift; sourceTree = "<group>"; };
		7E7B7A33C6D07387D9708017 /* SSHConnectionError.swift */ = {isa = PBXFileReference; lastKnownFileType = sourcecode.swift; path = SSHConnectionError.swift; sourceTree = "<group>"; };
		83584445F7F64462E791CA50 /* Server.swift */ = {isa = PBXFileReference; lastKnownFileType = sourcecode.swift; path = Server.swift; sourceTree = "<group>"; };
		8EBCF88BEC5956AC0E157B37 /* Hoshi.app */ = {isa = PBXFileReference; includeInIndex = 0; lastKnownFileType = wrapper.application; path = Hoshi.app; sourceTree = BUILT_PRODUCTS_DIR; };
		935710390BD542E213897400 /* ConnectionViewModel.swift */ = {isa = PBXFileReference; lastKnownFileType = sourcecode.swift; path = ConnectionViewModel.swift; sourceTree = "<group>"; };
		98A8C6B94D769B9D7B243F28 /* SSHKeyService.swift */ = {isa = PBXFileReference; lastKnownFileType = sourcecode.swift; path = SSHKeyService.swift; sourceTree = "<group>"; };
		9917D156528C1F234C6AE282 /* KeyGeneratorView.swift */ = {isa = PBXFileReference; lastKnownFileType = sourcecode.swift; path = KeyGeneratorView.swift; sourceTree = "<group>"; };
		AE48E5AF93A14D87CB077564 /* AddServerView.swift */ = {isa = PBXFileReference; lastKnownFileType = sourcecode.swift; path = AddServerView.swift; sourceTree = "<group>"; };
		B2DF4C2856D88394B594133C /* ServerModelTests.swift */ = {isa = PBXFileReference; lastKnownFileType = sourcecode.swift; path = ServerModelTests.swift; sourceTree = "<group>"; };
		B73D4FAFF8219BC7CB25BA12 /* SSHService.swift */ = {isa = PBXFileReference; lastKnownFileType = sourcecode.swift; path = SSHService.swift; sourceTree = "<group>"; };
		C196748322C5769248D1E351 /* KeychainServiceTests.swift */ = {isa = PBXFileReference; lastKnownFileType = sourcecode.swift; path = KeychainServiceTests.swift; sourceTree = "<group>"; };
		C5B1099C69E83AC319C5CAA1 /* TerminalView.swift */ = {isa = PBXFileReference; lastKnownFileType = sourcecode.swift; path = TerminalView.swift; sourceTree = "<group>"; };
		C69A192CB8090D193F9BAE37 /* TerminalTheme.swift */ = {isa = PBXFileReference; lastKnownFileType = sourcecode.swift; path = TerminalTheme.swift; sourceTree = "<group>"; };
		D2A47D4DB71EA9D072DD91AE /* MoshSession.swift */ = {isa = PBXFileReference; lastKnownFileType = sourcecode.swift; path = MoshSession.swift; sourceTree = "<group>"; };
		DCE7EC1DDE1A89967CD4B68A /* TmuxSessionPickerView.swift */ = {isa = PBXFileReference; lastKnownFileType = sourcecode.swift; path = TmuxSessionPickerView.swift; sourceTree = "<group>"; };
		DE1DC7C7A978ED3F3F629164 /* SessionProtocol.swift */ = {isa = PBXFileReference; lastKnownFileType = sourcecode.swift; path = SessionProtocol.swift; sourceTree = "<group>"; };
		DEEF1DFBFD9A93E3AFE91086 /* ToolbarConfigurationService.swift */ = {isa = PBXFileReference; lastKnownFileType = sourcecode.swift; path = ToolbarConfigurationService.swift; sourceTree = "<group>"; };
		E2B9B11940723B9C53B4410C /* MoshBootstrapService.swift */ = {isa = PBXFileReference; lastKnownFileType = sourcecode.swift; path = MoshBootstrapService.swift; sourceTree = "<group>"; };
		F70A34682A15DD67521724FD /* ServerListView.swift */ = {isa = PBXFileReference; lastKnownFileType = sourcecode.swift; path = ServerListView.swift; sourceTree = "<group>"; };
			F89DF94786BEA2C04C961E48 /* ConnectView.swift */ = {isa = PBXFileReference; lastKnownFileType = sourcecode.swift; path = ConnectView.swift; sourceTree = "<group>"; };
			FA0657BD71280F76D8693BDC /* HoshiTests.xctest */ = {isa = PBXFileReference; includeInIndex = 0; lastKnownFileType = wrapper.cfbundle; path = HoshiTests.xctest; sourceTree = BUILT_PRODUCTS_DIR; };
			A1B2C3D40100000000000001 /* FantasqueSansMNerdFontMono-Regular.ttf */ = {isa = PBXFileReference; lastKnownFileType = file; path = FantasqueSansMNerdFontMono-Regular.ttf; sourceTree = "<group>"; };
			A1B2C3D40100000000000002 /* FantasqueSansMNerdFontMono-Italic.ttf */ = {isa = PBXFileReference; lastKnownFileType = file; path = FantasqueSansMNerdFontMono-Italic.ttf; sourceTree = "<group>"; };
			A1B2C3D40100000000000003 /* FantasqueSansMNerdFontMono-Bold.ttf */ = {isa = PBXFileReference; lastKnownFileType = file; path = FantasqueSansMNerdFontMono-Bold.ttf; sourceTree = "<group>"; };
			A1B2C3D40100000000000004 /* FantasqueSansMNerdFontMono-BoldItalic.ttf */ = {isa = PBXFileReference; lastKnownFileType = file; path = FantasqueSansMNerdFontMono-BoldItalic.ttf; sourceTree = "<group>"; };
/* End PBXFileReference section */

/* Begin PBXFrameworksBuildPhase section */
		C4DF4D480B681C0A0B967881 /* Frameworks */ = {
			isa = PBXFrameworksBuildPhase;
			buildActionMask = 2147483647;
			files = (
				B3E276B09DC8AC366CB189E2 /* Citadel in Frameworks */,
				2A1A92E8FA84A48C2699FBD7 /* CryptoSwift in Frameworks */,
				076695C2E31B96E2C511CD68 /* SwiftTerm in Frameworks */,
			);
			runOnlyForDeploymentPostprocessing = 0;
		};
/* End PBXFrameworksBuildPhase section */

/* Begin PBXGroup section */
		1DD045B51D5CC35352D3FB7C /* HoshiTests */ = {
			isa = PBXGroup;
			children = (
				C196748322C5769248D1E351 /* KeychainServiceTests.swift */,
				B2DF4C2856D88394B594133C /* ServerModelTests.swift */,
				5EDBF8AB95AD1BD0632E9DC5 /* SSHKeyServiceTests.swift */,
			);
			path = HoshiTests;
			sourceTree = "<group>";
		};
			281FC90208060B37F1AD6A98 /* Resources */ = {
				isa = PBXGroup;
				children = (
					A1B2C3D40100000000000003 /* FantasqueSansMNerdFontMono-Bold.ttf */,
					A1B2C3D40100000000000004 /* FantasqueSansMNerdFontMono-BoldItalic.ttf */,
					A1B2C3D40100000000000002 /* FantasqueSansMNerdFontMono-Italic.ttf */,
					A1B2C3D40100000000000001 /* FantasqueSansMNerdFontMono-Regular.ttf */,
				);
				path = Resources;
				sourceTree = "<group>";
			};
		29492DC9185D201A33FCD2D3 /* ViewModels */ = {
			isa = PBXGroup;
			children = (
				935710390BD542E213897400 /* ConnectionViewModel.swift */,
			);
			path = ViewModels;
			sourceTree = "<group>";
		};
		422FF24486D56FC0E604E287 /* Models */ = {
			isa = PBXGroup;
			children = (
				83584445F7F64462E791CA50 /* Server.swift */,
				7E7B7A33C6D07387D9708017 /* SSHConnectionError.swift */,
				C69A192CB8090D193F9BAE37 /* TerminalTheme.swift */,
				74C7E92165EDFEF3678813D9 /* ToolbarButton.swift */,
			);
			path = Models;
			sourceTree = "<group>";
		};
		5D560D4651AF740069D02039 /* Hoshi */ = {
			isa = PBXGroup;
			children = (
				2D2E28A5EA11F0126B55C42C /* HoshiApp.swift */,
				422FF24486D56FC0E604E287 /* Models */,
				281FC90208060B37F1AD6A98 /* Resources */,
				9AA6A90603744EBFBA0A6F2E /* Services */,
				29492DC9185D201A33FCD2D3 /* ViewModels */,
				6E9520160B4F13A5906F3036 /* Views */,
			);
			path = Hoshi;
			sourceTree = "<group>";
		};
		6E9520160B4F13A5906F3036 /* Views */ = {
			isa = PBXGroup;
			children = (
				AE48E5AF93A14D87CB077564 /* AddServerView.swift */,
				F89DF94786BEA2C04C961E48 /* ConnectView.swift */,
				3BE99C6A440F89020EFE0E55 /* KeyboardToolbarView.swift */,
				9917D156528C1F234C6AE282 /* KeyGeneratorView.swift */,
				F70A34682A15DD67521724FD /* ServerListView.swift */,
				C5B1099C69E83AC319C5CAA1 /* TerminalView.swift */,
				DCE7EC1DDE1A89967CD4B68A /* TmuxSessionPickerView.swift */,
				31A14278942E4B7AEFB3F1EB /* ToolbarEditView.swift */,
			);
			path = Views;
			sourceTree = "<group>";
		};
		76F116C21AE83A38CAD71A44 = {
			isa = PBXGroup;
			children = (
				5D560D4651AF740069D02039 /* Hoshi */,
				1DD045B51D5CC35352D3FB7C /* HoshiTests */,
				BEB69E95C47D3D4001F25FB1 /* Products */,
			);
			sourceTree = "<group>";
		};
		9AA6A90603744EBFBA0A6F2E /* Services */ = {
			isa = PBXGroup;
			children = (
				1913DF729009DA8DC0A599B5 /* KeychainService.swift */,
				E2B9B11940723B9C53B4410C /* MoshBootstrapService.swift */,
				D2A47D4DB71EA9D072DD91AE /* MoshSession.swift */,
				319B6445E2EFF983D29F19B4 /* NetworkMonitorService.swift */,
				DE1DC7C7A978ED3F3F629164 /* SessionProtocol.swift */,
				98A8C6B94D769B9D7B243F28 /* SSHKeyService.swift */,
				B73D4FAFF8219BC7CB25BA12 /* SSHService.swift */,
				08326AEDEEBE494F5026A5FD /* TmuxDetectionService.swift */,
				DEEF1DFBFD9A93E3AFE91086 /* ToolbarConfigurationService.swift */,
				DE41E0D0D81438CB451B49AF /* Mosh */,
			);
			path = Services;
			sourceTree = "<group>";
		};
		BEB69E95C47D3D4001F25FB1 /* Products */ = {
			isa = PBXGroup;
			children = (
				8EBCF88BEC5956AC0E157B37 /* Hoshi.app */,
				FA0657BD71280F76D8693BDC /* HoshiTests.xctest */,
			);
			name = Products;
			sourceTree = "<group>";
		};
		DE41E0D0D81438CB451B49AF /* Mosh */ = {
			isa = PBXGroup;
			children = (
				6B6C0D92DFAE29A99A64E6AF /* MoshCrypto.swift */,
				414AB1CB023F8485D188ED5A /* MoshTransport.swift */,
				308F44F8EECB3F7443B190ED /* MoshUDPConnection.swift */,
			);
			path = Mosh;
			sourceTree = "<group>";
		};
/* End PBXGroup section */

/* Begin PBXNativeTarget section */
		4A297DD1D74F540E07F59C32 /* HoshiTests */ = {
			isa = PBXNativeTarget;
			buildConfigurationList = DE2EA8D1F0F978BE9ABBFBB6 /* Build configuration list for PBXNativeTarget "HoshiTests" */;
			buildPhases = (
				53F1BEB6015625C615A95D67 /* Sources */,
			);
			buildRules = (
			);
			dependencies = (
				70FD25C548DB0A48B4312A48 /* PBXTargetDependency */,
			);
			name = HoshiTests;
			packageProductDependencies = (
			);
			productName = HoshiTests;
			productReference = FA0657BD71280F76D8693BDC /* HoshiTests.xctest */;
			productType = "com.apple.product-type.bundle.unit-test";
		};
			8F89AE95154D6DFC704E78C1 /* Hoshi */ = {
				isa = PBXNativeTarget;
				buildConfigurationList = 4DD33F2E01B370C802B7D57D /* Build configuration list for PBXNativeTarget "Hoshi" */;
				buildPhases = (
					28F7264CE679F4A53CABAA49 /* Sources */,
					C4DF4D480B681C0A0B967881 /* Frameworks */,
					A1B2C3D40100000000000021 /* Resources */,
				);
				buildRules = (
				);
			dependencies = (
			);
			name = Hoshi;
			packageProductDependencies = (
				B06240B1AC6C6DB7CD56CF5B /* Citadel */,
				23601A7F4BFE209BC6330B3D /* CryptoSwift */,
				068A061ABBD656996B674D82 /* SwiftTerm */,
			);
			productName = Hoshi;
			productReference = 8EBCF88BEC5956AC0E157B37 /* Hoshi.app */;
			productType = "com.apple.product-type.application";
		};
/* End PBXNativeTarget section */

/* Begin PBXProject section */
		61B2197030A8FC41E014E56F /* Project object */ = {
			isa = PBXProject;
			attributes = {
				BuildIndependentTargetsInParallel = YES;
				LastUpgradeCheck = 1640;
				TargetAttributes = {
					8F89AE95154D6DFC704E78C1 = {
						DevelopmentTeam = "";
					};
				};
			};
			buildConfigurationList = 63B476078AF2B9CF039BD20C /* Build configuration list for PBXProject "Hoshi" */;
			compatibilityVersion = "Xcode 14.0";
			developmentRegion = en;
			hasScannedForEncodings = 0;
			knownRegions = (
				Base,
				en,
			);
			mainGroup = 76F116C21AE83A38CAD71A44;
			minimizedProjectReferenceProxies = 1;
			packageReferences = (
				E51AFE4A1B4459084B56E5AA /* XCRemoteSwiftPackageReference "Citadel" */,
				9FCD69913289FFD8C65FDA39 /* XCRemoteSwiftPackageReference "CryptoSwift" */,
				BFE0F2D3DAE2D9C03C0888D5 /* XCRemoteSwiftPackageReference "SwiftTerm" */,
			);
			preferredProjectObjectVersion = 77;
			projectDirPath = "";
			projectRoot = "";
			targets = (
				8F89AE95154D6DFC704E78C1 /* Hoshi */,
				4A297DD1D74F540E07F59C32 /* HoshiTests */,
			);
		};
/* End PBXProject section */

/* Begin PBXResourcesBuildPhase section */
			A1B2C3D40100000000000021 /* Resources */ = {
				isa = PBXResourcesBuildPhase;
				buildActionMask = 2147483647;
				files = (
					A1B2C3D40100000000000013 /* FantasqueSansMNerdFontMono-Bold.ttf in Resources */,
					A1B2C3D40100000000000014 /* FantasqueSansMNerdFontMono-BoldItalic.ttf in Resources */,
					A1B2C3D40100000000000012 /* FantasqueSansMNerdFontMono-Italic.ttf in Resources */,
					A1B2C3D40100000000000011 /* FantasqueSansMNerdFontMono-Regular.ttf in Resources */,
				);
				runOnlyForDeploymentPostprocessing = 0;
			};
/* End PBXResourcesBuildPhase section */

/* Begin PBXSourcesBuildPhase section */
		28F7264CE679F4A53CABAA49 /* Sources */ = {
			isa = PBXSourcesBuildPhase;
			buildActionMask = 2147483647;
			files = (
				684F293C0A36B5C949433B39 /* AddServerView.swift in Sources */,
				3ADE4D5AB0F163B3CF8730A4 /* ConnectView.swift in Sources */,
				2302287519D2121C10555F48 /* ConnectionViewModel.swift in Sources */,
				5CF07FF1FE024A5759336ECC /* HoshiApp.swift in Sources */,
				42EC5C294A912C3284C5864E /* KeyGeneratorView.swift in Sources */,
				961B9C2272D0AB6E9B8C66C8 /* KeyboardToolbarView.swift in Sources */,
				CCBCF05E0F1E5A88BB203916 /* KeychainService.swift in Sources */,
				AA960FEEACDD73F7D7DC36F3 /* MoshBootstrapService.swift in Sources */,
				6C4011DD0427000483B9DC76 /* MoshCrypto.swift in Sources */,
				6673BE4456E9276448591DD4 /* MoshSession.swift in Sources */,
				65F0E59F2EFC44654BF5B1D6 /* MoshTransport.swift in Sources */,
				4870A95EBDA37102D6FCE1DD /* MoshUDPConnection.swift in Sources */,
				D40D2600718331C91545FA29 /* NetworkMonitorService.swift in Sources */,
				DAF481F02039E5DCF7BAFD08 /* SSHConnectionError.swift in Sources */,
				FA6D6D0F0BE1C90760857339 /* SSHKeyService.swift in Sources */,
				D30A82B7CDD3B69DD4FF6FE8 /* SSHService.swift in Sources */,
				9E6DC72DB95786D85B40FA19 /* Server.swift in Sources */,
				557852416FD2A54EFC66DE88 /* ServerListView.swift in Sources */,
				26B826D28D58615A4D882013 /* SessionProtocol.swift in Sources */,
				A08BCE350D681A0F24BF8B26 /* TerminalTheme.swift in Sources */,
				D22DB61E421382204913A526 /* TerminalView.swift in Sources */,
				FE7F8E8100652F86991C5D88 /* TmuxDetectionService.swift in Sources */,
				71C6EE46A566E725287FA4AA /* TmuxSessionPickerView.swift in Sources */,
				AF9EE0A1C454D8C738E075E4 /* ToolbarButton.swift in Sources */,
				6877532658972A191D5982CB /* ToolbarConfigurationService.swift in Sources */,
				E6435FDC851D363CAD5BB75D /* ToolbarEditView.swift in Sources */,
			);
			runOnlyForDeploymentPostprocessing = 0;
		};
		53F1BEB6015625C615A95D67 /* Sources */ = {
			isa = PBXSourcesBuildPhase;
			buildActionMask = 2147483647;
			files = (
				E293E5B88435EF600774A8DA /* KeychainServiceTests.swift in Sources */,
				539569A7ADAF63A743137D9A /* SSHKeyServiceTests.swift in Sources */,
				0F89014F48A47FBA641177C6 /* ServerModelTests.swift in Sources */,
			);
			runOnlyForDeploymentPostprocessing = 0;
		};
/* End PBXSourcesBuildPhase section */

/* Begin PBXTargetDependency section */
		70FD25C548DB0A48B4312A48 /* PBXTargetDependency */ = {
			isa = PBXTargetDependency;
			target = 8F89AE95154D6DFC704E78C1 /* Hoshi */;
			targetProxy = D95E8CDC7F19E4CBCE8FA48F /* PBXContainerItemProxy */;
		};
/* End PBXTargetDependency section */

/* Begin XCBuildConfiguration section */
		3C71E955CE0C08B449D5398F /* Debug */ = {
			isa = XCBuildConfiguration;
			buildSettings = {
				ASSETCATALOG_COMPILER_APPICON_NAME = AppIcon;
				CODE_SIGNING_ALLOWED = NO;
				CODE_SIGNING_REQUIRED = NO;
				CODE_SIGN_IDENTITY = "";
				CURRENT_PROJECT_VERSION = 1;
				DEVELOPMENT_TEAM = "";
				GENERATE_INFOPLIST_FILE = YES;
					INFOPLIST_KEY_CFBundleDisplayName = Hoshi;
					INFOPLIST_KEY_UIAppFonts = (
						FantasqueSansMNerdFontMono-Regular.ttf,
						FantasqueSansMNerdFontMono-Italic.ttf,
						FantasqueSansMNerdFontMono-Bold.ttf,
						FantasqueSansMNerdFontMono-BoldItalic.ttf,
					);
					INFOPLIST_KEY_UILaunchScreen_Generation = YES;
					INFOPLIST_KEY_UIUserInterfaceStyle = Dark;
				LD_RUNPATH_SEARCH_PATHS = (
					"$(inherited)",
					"@executable_path/Frameworks",
				);
				MARKETING_VERSION = 0.1.0;
				PRODUCT_BUNDLE_IDENTIFIER = com.hoshi.app;
				SDKROOT = iphoneos;
				TARGETED_DEVICE_FAMILY = "1,2";
			};
			name = Debug;
		};
		4B119163BBA5FC819FC0FCC7 /* Release */ = {
			isa = XCBuildConfiguration;
			buildSettings = {
				BUNDLE_LOADER = "$(TEST_HOST)";
				CODE_SIGNING_ALLOWED = NO;
				CODE_SIGNING_REQUIRED = NO;
				CODE_SIGN_IDENTITY = "";
				LD_RUNPATH_SEARCH_PATHS = (
					"$(inherited)",
					"@executable_path/Frameworks",
					"@loader_path/Frameworks",
				);
				PRODUCT_BUNDLE_IDENTIFIER = com.hoshi.HoshiTests;
				SDKROOT = iphoneos;
				TARGETED_DEVICE_FAMILY = "1,2";
				TEST_HOST = "$(BUILT_PRODUCTS_DIR)/Hoshi.app/Hoshi";
			};
			name = Release;
		};
		5B318C84A55284FA0898C3CF /* Debug */ = {
			isa = XCBuildConfiguration;
			buildSettings = {
				ALWAYS_SEARCH_USER_PATHS = NO;
				CLANG_ANALYZER_NONNULL = YES;
				CLANG_ANALYZER_NUMBER_OBJECT_CONVERSION = YES_AGGRESSIVE;
				CLANG_CXX_LANGUAGE_STANDARD = "gnu++14";
				CLANG_CXX_LIBRARY = "libc++";
				CLANG_ENABLE_MODULES = YES;
				CLANG_ENABLE_OBJC_ARC = YES;
				CLANG_ENABLE_OBJC_WEAK = YES;
				CLANG_WARN_BLOCK_CAPTURE_AUTORELEASING = YES;
				CLANG_WARN_BOOL_CONVERSION = YES;
				CLANG_WARN_COMMA = YES;
				CLANG_WARN_CONSTANT_CONVERSION = YES;
				CLANG_WARN_DEPRECATED_OBJC_IMPLEMENTATIONS = YES;
				CLANG_WARN_DIRECT_OBJC_ISA_USAGE = YES_ERROR;
				CLANG_WARN_DOCUMENTATION_COMMENTS = YES;
				CLANG_WARN_EMPTY_BODY = YES;
				CLANG_WARN_ENUM_CONVERSION = YES;
				CLANG_WARN_INFINITE_RECURSION = YES;
				CLANG_WARN_INT_CONVERSION = YES;
				CLANG_WARN_NON_LITERAL_NULL_CONVERSION = YES;
				CLANG_WARN_OBJC_IMPLICIT_RETAIN_SELF = YES;
				CLANG_WARN_OBJC_LITERAL_CONVERSION = YES;
				CLANG_WARN_OBJC_ROOT_CLASS = YES_ERROR;
				CLANG_WARN_QUOTED_INCLUDE_IN_FRAMEWORK_HEADER = YES;
				CLANG_WARN_RANGE_LOOP_ANALYSIS = YES;
				CLANG_WARN_STRICT_PROTOTYPES = YES;
				CLANG_WARN_SUSPICIOUS_MOVE = YES;
				CLANG_WARN_UNGUARDED_AVAILABILITY = YES_AGGRESSIVE;
				CLANG_WARN_UNREACHABLE_CODE = YES;
				CLANG_WARN__DUPLICATE_METHOD_MATCH = YES;
				COPY_PHASE_STRIP = NO;
				DEBUG_INFORMATION_FORMAT = dwarf;
				ENABLE_STRICT_OBJC_MSGSEND = YES;
				ENABLE_TESTABILITY = YES;
				GCC_C_LANGUAGE_STANDARD = gnu11;
				GCC_DYNAMIC_NO_PIC = NO;
				GCC_NO_COMMON_BLOCKS = YES;
				GCC_OPTIMIZATION_LEVEL = 0;
				GCC_PREPROCESSOR_DEFINITIONS = (
					"$(inherited)",
					"DEBUG=1",
				);
				GCC_WARN_64_TO_32_BIT_CONVERSION = YES;
				GCC_WARN_ABOUT_RETURN_TYPE = YES_ERROR;
				GCC_WARN_UNDECLARED_SELECTOR = YES;
				GCC_WARN_UNINITIALIZED_AUTOS = YES_AGGRESSIVE;
				GCC_WARN_UNUSED_FUNCTION = YES;
				GCC_WARN_UNUSED_VARIABLE = YES;
				IPHONEOS_DEPLOYMENT_TARGET = 17.0;
				MTL_ENABLE_DEBUG_INFO = INCLUDE_SOURCE;
				MTL_FAST_MATH = YES;
				ONLY_ACTIVE_ARCH = YES;
				PRODUCT_NAME = "$(TARGET_NAME)";
				SDKROOT = iphoneos;
				SWIFT_ACTIVE_COMPILATION_CONDITIONS = DEBUG;
				SWIFT_OPTIMIZATION_LEVEL = "-Onone";
				SWIFT_VERSION = 5.9;
			};
			name = Debug;
		};
		5CC3F3C55D194F5A893F59FF /* Release */ = {
			isa = XCBuildConfiguration;
			buildSettings = {
				ALWAYS_SEARCH_USER_PATHS = NO;
				CLANG_ANALYZER_NONNULL = YES;
				CLANG_ANALYZER_NUMBER_OBJECT_CONVERSION = YES_AGGRESSIVE;
				CLANG_CXX_LANGUAGE_STANDARD = "gnu++14";
				CLANG_CXX_LIBRARY = "libc++";
				CLANG_ENABLE_MODULES = YES;
				CLANG_ENABLE_OBJC_ARC = YES;
				CLANG_ENABLE_OBJC_WEAK = YES;
				CLANG_WARN_BLOCK_CAPTURE_AUTORELEASING = YES;
				CLANG_WARN_BOOL_CONVERSION = YES;
				CLANG_WARN_COMMA = YES;
				CLANG_WARN_CONSTANT_CONVERSION = YES;
				CLANG_WARN_DEPRECATED_OBJC_IMPLEMENTATIONS = YES;
				CLANG_WARN_DIRECT_OBJC_ISA_USAGE = YES_ERROR;
				CLANG_WARN_DOCUMENTATION_COMMENTS = YES;
				CLANG_WARN_EMPTY_BODY = YES;
				CLANG_WARN_ENUM_CONVERSION = YES;
				CLANG_WARN_INFINITE_RECURSION = YES;
				CLANG_WARN_INT_CONVERSION = YES;
				CLANG_WARN_NON_LITERAL_NULL_CONVERSION = YES;
				CLANG_WARN_OBJC_IMPLICIT_RETAIN_SELF = YES;
				CLANG_WARN_OBJC_LITERAL_CONVERSION = YES;
				CLANG_WARN_OBJC_ROOT_CLASS = YES_ERROR;
				CLANG_WARN_QUOTED_INCLUDE_IN_FRAMEWORK_HEADER = YES;
				CLANG_WARN_RANGE_LOOP_ANALYSIS = YES;
				CLANG_WARN_STRICT_PROTOTYPES = YES;
				CLANG_WARN_SUSPICIOUS_MOVE = YES;
				CLANG_WARN_UNGUARDED_AVAILABILITY = YES_AGGRESSIVE;
				CLANG_WARN_UNREACHABLE_CODE = YES;
				CLANG_WARN__DUPLICATE_METHOD_MATCH = YES;
				COPY_PHASE_STRIP = NO;
				DEBUG_INFORMATION_FORMAT = "dwarf-with-dsym";
				ENABLE_NS_ASSERTIONS = NO;
				ENABLE_STRICT_OBJC_MSGSEND = YES;
				GCC_C_LANGUAGE_STANDARD = gnu11;
				GCC_NO_COMMON_BLOCKS = YES;
				GCC_WARN_64_TO_32_BIT_CONVERSION = YES;
				GCC_WARN_ABOUT_RETURN_TYPE = YES_ERROR;
				GCC_WARN_UNDECLARED_SELECTOR = YES;
				GCC_WARN_UNINITIALIZED_AUTOS = YES_AGGRESSIVE;
				GCC_WARN_UNUSED_FUNCTION = YES;
				GCC_WARN_UNUSED_VARIABLE = YES;
				IPHONEOS_DEPLOYMENT_TARGET = 17.0;
				MTL_ENABLE_DEBUG_INFO = NO;
				MTL_FAST_MATH = YES;
				PRODUCT_NAME = "$(TARGET_NAME)";
				SDKROOT = iphoneos;
				SWIFT_COMPILATION_MODE = wholemodule;
				SWIFT_OPTIMIZATION_LEVEL = "-O";
				SWIFT_VERSION = 5.9;
			};
			name = Release;
		};
		9A52476A86B729DBAF0CF5AB /* Release */ = {
			isa = XCBuildConfiguration;
			buildSettings = {
				ASSETCATALOG_COMPILER_APPICON_NAME = AppIcon;
				CODE_SIGNING_ALLOWED = NO;
				CODE_SIGNING_REQUIRED = NO;
				CODE_SIGN_IDENTITY = "";
				CURRENT_PROJECT_VERSION = 1;
				DEVELOPMENT_TEAM = "";
				GENERATE_INFOPLIST_FILE = YES;
					INFOPLIST_KEY_CFBundleDisplayName = Hoshi;
					INFOPLIST_KEY_UIAppFonts = (
						FantasqueSansMNerdFontMono-Regular.ttf,
						FantasqueSansMNerdFontMono-Italic.ttf,
						FantasqueSansMNerdFontMono-Bold.ttf,
						FantasqueSansMNerdFontMono-BoldItalic.ttf,
					);
					INFOPLIST_KEY_UILaunchScreen_Generation = YES;
					INFOPLIST_KEY_UIUserInterfaceStyle = Dark;
				LD_RUNPATH_SEARCH_PATHS = (
					"$(inherited)",
					"@executable_path/Frameworks",
				);
				MARKETING_VERSION = 0.1.0;
				PRODUCT_BUNDLE_IDENTIFIER = com.hoshi.app;
				SDKROOT = iphoneos;
				TARGETED_DEVICE_FAMILY = "1,2";
			};
			name = Release;
		};
		AB1939EDDC6C8E76F7C74E2D /* Debug */ = {
			isa = XCBuildConfiguration;
			buildSettings = {
				BUNDLE_LOADER = "$(TEST_HOST)";
				CODE_SIGNING_ALLOWED = NO;
				CODE_SIGNING_REQUIRED = NO;
				CODE_SIGN_IDENTITY = "";
				LD_RUNPATH_SEARCH_PATHS = (
					"$(inherited)",
					"@executable_path/Frameworks",
					"@loader_path/Frameworks",
				);
				PRODUCT_BUNDLE_IDENTIFIER = com.hoshi.HoshiTests;
				SDKROOT = iphoneos;
				TARGETED_DEVICE_FAMILY = "1,2";
				TEST_HOST = "$(BUILT_PRODUCTS_DIR)/Hoshi.app/Hoshi";
			};
			name = Debug;
		};
/* End XCBuildConfiguration section */

/* Begin XCConfigurationList section */
		4DD33F2E01B370C802B7D57D /* Build configuration list for PBXNativeTarget "Hoshi" */ = {
			isa = XCConfigurationList;
			buildConfigurations = (
				3C71E955CE0C08B449D5398F /* Debug */,
				9A52476A86B729DBAF0CF5AB /* Release */,
			);
			defaultConfigurationIsVisible = 0;
			defaultConfigurationName = Debug;
		};
		63B476078AF2B9CF039BD20C /* Build configuration list for PBXProject "Hoshi" */ = {
			isa = XCConfigurationList;
			buildConfigurations = (
				5B318C84A55284FA0898C3CF /* Debug */,
				5CC3F3C55D194F5A893F59FF /* Release */,
			);
			defaultConfigurationIsVisible = 0;
			defaultConfigurationName = Debug;
		};
		DE2EA8D1F0F978BE9ABBFBB6 /* Build configuration list for PBXNativeTarget "HoshiTests" */ = {
			isa = XCConfigurationList;
			buildConfigurations = (
				AB1939EDDC6C8E76F7C74E2D /* Debug */,
				4B119163BBA5FC819FC0FCC7 /* Release */,
			);
			defaultConfigurationIsVisible = 0;
			defaultConfigurationName = Debug;
		};
/* End XCConfigurationList section */

/* Begin XCRemoteSwiftPackageReference section */
		9FCD69913289FFD8C65FDA39 /* XCRemoteSwiftPackageReference "CryptoSwift" */ = {
			isa = XCRemoteSwiftPackageReference;
			repositoryURL = "https://github.com/krzyzanowskim/CryptoSwift.git";
			requirement = {
				kind = upToNextMajorVersion;
				minimumVersion = 1.8.0;
			};
		};
		BFE0F2D3DAE2D9C03C0888D5 /* XCRemoteSwiftPackageReference "SwiftTerm" */ = {
			isa = XCRemoteSwiftPackageReference;
			repositoryURL = "https://github.com/migueldeicaza/SwiftTerm.git";
			requirement = {
				kind = upToNextMajorVersion;
				minimumVersion = 1.10.1;
			};
		};
		E51AFE4A1B4459084B56E5AA /* XCRemoteSwiftPackageReference "Citadel" */ = {
			isa = XCRemoteSwiftPackageReference;
			repositoryURL = "https://github.com/orlandos-nl/Citadel.git";
			requirement = {
				kind = upToNextMajorVersion;
				minimumVersion = 0.12.0;
			};
		};
/* End XCRemoteSwiftPackageReference section */

/* Begin XCSwiftPackageProductDependency section */
		068A061ABBD656996B674D82 /* SwiftTerm */ = {
			isa = XCSwiftPackageProductDependency;
			package = BFE0F2D3DAE2D9C03C0888D5 /* XCRemoteSwiftPackageReference "SwiftTerm" */;
			productName = SwiftTerm;
		};
		23601A7F4BFE209BC6330B3D /* CryptoSwift */ = {
			isa = XCSwiftPackageProductDependency;
			package = 9FCD69913289FFD8C65FDA39 /* XCRemoteSwiftPackageReference "CryptoSwift" */;
			productName = CryptoSwift;
		};
		B06240B1AC6C6DB7CD56CF5B /* Citadel */ = {
			isa = XCSwiftPackageProductDependency;
			package = E51AFE4A1B4459084B56E5AA /* XCRemoteSwiftPackageReference "Citadel" */;
			productName = Citadel;
		};
/* End XCSwiftPackageProductDependency section */
	};
	rootObject = 61B2197030A8FC41E014E56F /* Project object */;
}
